<?xml version="1.0" encoding="utf-8"?>
<Project ToolsVersion="4.0" xmlns="http://schemas.microsoft.com/developer/msbuild/2003">
  <ItemGroup>
    <Filter Include="Client">
      <UniqueIdentifier>{644D06AC-50EF-3082-39AA-44D625EBB7D2}</UniqueIdentifier>
    </Filter>
    <Filter Include="Client\Impl">
      <UniqueIdentifier>{C5B1BEA9-3167-379F-BA5B-317626102EA3}</UniqueIdentifier>
    </Filter>
  </ItemGroup>
  <ItemGroup>
    <ClInclude Include="Client\GalaxyApi.hxx">
      <Filter>Client</Filter>
    </ClInclude>
    <ClInclude Include="Client\GalaxyGameServerApi.hxx">
      <Filter>Client</Filter>
    </ClInclude>
    <ClInclude Include="Client\Impl\Apps.hxx">
      <Filter>Client\Impl</Filter>
    </ClInclude>
    <ClInclude Include="Client\Impl\Chat.hxx">
      <Filter>Client\Impl</Filter>
    </ClInclude>
    <ClInclude Include="Client\Impl\CustomNetworking.hxx">
      <Filter>Client\Impl</Filter>
    </ClInclude>
    <ClInclude Include="Client\Impl\Errors.hxx">
      <Filter>Client\Impl</Filter>
    </ClInclude>
    <ClInclude Include="Client\Impl\Friends.hxx">
      <Filter>Client\Impl</Filter>
    </ClInclude>
    <ClInclude Include="Client\Impl\GalaxyThread.hxx">
      <Filter>Client\Impl</Filter>
    </ClInclude>
    <ClInclude Include="Client\Impl\Logger.hxx">
      <Filter>Client\Impl</Filter>
    </ClInclude>
    <ClInclude Include="Client\Impl\Matchmaking.hxx">
      <Filter>Client\Impl</Filter>
    </ClInclude>
    <ClInclude Include="Client\Impl\Networking.hxx">
      <Filter>Client\Impl</Filter>
    </ClInclude>
    <ClInclude Include="Client\Impl\Stats.hxx">
      <Filter>Client\Impl</Filter>
    </ClInclude>
    <ClInclude Include="Client\Impl\Storage.hxx">
      <Filter>Client\Impl</Filter>
    </ClInclude>
    <ClInclude Include="Client\Impl\Telemetry.hxx">
      <Filter>Client\Impl</Filter>
    </ClInclude>
    <ClInclude Include="Client\Impl\User.hxx">
      <Filter>Client\Impl</Filter>
    </ClInclude>
    <ClInclude Include="Client\Impl\Utils.hxx">
      <Filter>Client\Impl</Filter>
    </ClInclude>
    <ClInclude Include="Vendor\galaxy\Include\galaxy\IListenerRegistrar.h">
      <Filter>Client\Impl</Filter>
    </ClInclude>
    <ClInclude Include="Vendor\galaxy\Include\galaxy\ILogger.h">
      <Filter>Client\Impl</Filter>
    </ClInclude>
    <ClInclude Include="Vendor\galaxy\Include\galaxy\IMatchmaking.h">
      <Filter>Client\Impl</Filter>
    </ClInclude>
    <ClInclude Include="Vendor\galaxy\Include\galaxy\INetworking.h">
      <Filter>Client\Impl</Filter>
    </ClInclude>
    <ClInclude Include="Vendor\galaxy\Include\galaxy\InitOptions.h">
      <Filter>Client\Impl</Filter>
    </ClInclude>
    <ClInclude Include="Vendor\galaxy\Include\galaxy\IStats.h">
      <Filter>Client\Impl</Filter>
    </ClInclude>
    <ClInclude Include="Vendor\galaxy\Include\galaxy\IStorage.h">
      <Filter>Client\Impl</Filter>
    </ClInclude>
    <ClInclude Include="Vendor\galaxy\Include\galaxy\ITelemetry.h">
      <Filter>Client\Impl</Filter>
    </ClInclude>
    <ClInclude Include="Vendor\galaxy\Include\galaxy\IUser.h">
      <Filter>Client\Impl</Filter>
    </ClInclude>
    <ClInclude Include="Vendor\galaxy\Include\galaxy\IUtils.h">
      <Filter>Client\Impl</Filter>
    </ClInclude>
    <ClInclude Include="Vendor\galaxy\Include\galaxy\Errors.h">
      <Filter>Client\Impl</Filter>
    </ClInclude>
    <ClInclude Include="Vendor\galaxy\Include\galaxy\GalaxyAllocator.h">
      <Filter>Client\Impl</Filter>
    </ClInclude>
    <ClInclude Include="Vendor\galaxy\Include\galaxy\GalaxyApi.h">
      <Filter>Client\Impl</Filter>
    </ClInclude>
    <ClInclude Include="Vendor\galaxy\Include\galaxy\GalaxyExceptionHelper.h">
      <Filter>Client\Impl</Filter>
    </ClInclude>
    <ClInclude Include="Vendor\galaxy\Include\galaxy\GalaxyExport.h">
      <Filter>Client\Impl</Filter>
    </ClInclude>
    <ClInclude Include="Vendor\galaxy\Include\galaxy\GalaxyGameServerApi.h">
      <Filter>Client\Impl</Filter>
    </ClInclude>
    <ClInclude Include="Vendor\galaxy\Include\galaxy\GalaxyID.h">
      <Filter>Client\Impl</Filter>
    </ClInclude>
    <ClInclude Include="Vendor\galaxy\Include\galaxy\GalaxyThread.h">
      <Filter>Client\Impl</Filter>
    </ClInclude>
    <ClInclude Include="Vendor\galaxy\Include\galaxy\IApps.h">
      <Filter>Client\Impl</Filter>
    </ClInclude>
    <ClInclude Include="Vendor\galaxy\Include\galaxy\IChat.h">
      <Filter>Client\Impl</Filter>
    </ClInclude>
    <ClInclude Include="Vendor\galaxy\Include\galaxy\ICustomNetworking.h">
      <Filter>Client\Impl</Filter>
    </ClInclude>
    <ClInclude Include="Vendor\galaxy\Include\galaxy\IFriends.h">
      <Filter>Client\Impl</Filter>
    </ClInclude>
  </ItemGroup>
  <ItemGroup>
    <ClCompile Include="Client\GalaxyApi.cxx">
      <Filter>Client</Filter>
    </ClCompile>
    <ClCompile Include="Client\GalaxyGameServerApi.cxx">
      <Filter>Client</Filter>
    </ClCompile>
    <ClCompile Include="Client\Impl\Apps.cxx">
      <Filter>Client\Impl</Filter>
    </ClCompile>
    <ClCompile Include="Client\Impl\Chat.cxx">
      <Filter>Client\Impl</Filter>
    </ClCompile>
    <ClCompile Include="Client\Impl\CustomNetworking.cxx">
      <Filter>Client\Impl</Filter>
    </ClCompile>
    <ClCompile Include="Client\Impl\Errors.cxx">
      <Filter>Client\Impl</Filter>
    </ClCompile>
    <ClCompile Include="Client\Impl\Friends.cxx">
      <Filter>Client\Impl</Filter>
    </ClCompile>
    <ClCompile Include="Client\Impl\GalaxyThread.cxx">
      <Filter>Client\Impl</Filter>
    </ClCompile>
    <ClCompile Include="Client\Impl\Logger.cxx">
      <Filter>Client\Impl</Filter>
    </ClCompile>
    <ClCompile Include="Client\Impl\Matchmaking.cxx">
      <Filter>Client\Impl</Filter>
    </ClCompile>
    <ClCompile Include="Client\Impl\Networking.cxx">
      <Filter>Client\Impl</Filter>
    </ClCompile>
    <ClCompile Include="Client\Impl\Stats.cxx">
      <Filter>Client\Impl</Filter>
    </ClCompile>
    <ClCompile Include="Client\Impl\Storage.cxx">
      <Filter>Client\Impl</Filter>
    </ClCompile>
    <ClCompile Include="Client\Impl\Telemetry.cxx">
      <Filter>Client\Impl</Filter>
    </ClCompile>
    <ClCompile Include="Client\Impl\User.cxx">
      <Filter>Client\Impl</Filter>
    </ClCompile>
    <ClCompile Include="Client\Impl\Utils.cxx">
      <Filter>Client\Impl</Filter>
    </ClCompile>
    <ClCompile Include="Client\Main.cxx">
      <Filter>Client</Filter>
    </ClCompile>
  </ItemGroup>
  <ItemGroup>
    <None Include="Galaxy.def" />
    <None Include="Galaxy64.def" />
  </ItemGroup>
</Project>