<?xml version="1.0" encoding="utf-8"?>
<Project ToolsVersion="4.0" xmlns="http://schemas.microsoft.com/developer/msbuild/2003">
  <ItemGroup>
    <Filter Include="Client">
      <UniqueIdentifier>{644D06AC-50EF-3082-39AA-44D625EBB7D2}</UniqueIdentifier>
    </Filter>
    <Filter Include="Impl">
      <UniqueIdentifier>{625b5d91-deb5-480e-9bf3-31a8bf6d891d}</UniqueIdentifier>
    </Filter>
  </ItemGroup>
  <ItemGroup>
    <ClCompile Include="Client\Errors.cxx">
      <Filter>Client</Filter>
    </ClCompile>
    <ClCompile Include="Client\GalaxyApi.cxx">
      <Filter>Client</Filter>
    </ClCompile>
    <ClCompile Include="Client\GalaxyGameServerApi.cxx">
      <Filter>Client</Filter>
    </ClCompile>
    <ClCompile Include="Client\Main.cxx">
      <Filter>Client</Filter>
    </ClCompile>
    <ClCompile Include="Client\Impl\GalaxyThread.cxx">
      <Filter>Impl</Filter>
    </ClCompile>
    <ClCompile Include="Client\Impl\Logger.cxx">
      <Filter>Impl</Filter>
    </ClCompile>
    <ClCompile Include="Client\Impl\Matchmaking.cxx">
      <Filter>Impl</Filter>
    </ClCompile>
    <ClCompile Include="Client\Impl\Networking.cxx">
      <Filter>Impl</Filter>
    </ClCompile>
    <ClCompile Include="Client\Impl\Stats.cxx">
      <Filter>Impl</Filter>
    </ClCompile>
    <ClCompile Include="Client\Impl\Storage.cxx">
      <Filter>Impl</Filter>
    </ClCompile>
    <ClCompile Include="Client\Impl\Telemetry.cxx">
      <Filter>Impl</Filter>
    </ClCompile>
    <ClCompile Include="Client\Impl\User.cxx">
      <Filter>Impl</Filter>
    </ClCompile>
    <ClCompile Include="Client\Impl\Utils.cxx">
      <Filter>Impl</Filter>
    </ClCompile>
    <ClCompile Include="Client\Impl\Apps.cxx">
      <Filter>Impl</Filter>
    </ClCompile>
    <ClCompile Include="Client\Impl\Chat.cxx">
      <Filter>Impl</Filter>
    </ClCompile>
    <ClCompile Include="Client\Impl\CustomNetworking.cxx">
      <Filter>Impl</Filter>
    </ClCompile>
    <ClCompile Include="Client\Impl\Errors.cxx">
      <Filter>Impl</Filter>
    </ClCompile>
    <ClCompile Include="Client\Impl\Friends.cxx">
      <Filter>Impl</Filter>
    </ClCompile>
  </ItemGroup>
  <ItemGroup>
    <None Include="Galaxy.def" />
    <None Include="Galaxy64.def" />
  </ItemGroup>
</Project>