
Microsoft Visual Studio Solution File, Format Version 12.00
# Visual Studio Version 17
VisualStudioVersion = 17.6.33927.249
MinimumVisualStudioVersion = 10.0.40219.1
Project("{FAE04EC0-301F-11D3-BF4B-00C04F79EFBC}") = "ZipFileHasher", "ZipFileHasher.csproj", "{83EAF01C-594D-4CA8-A7BB-1E4490157286}"
EndProject
Global
	GlobalSection(SolutionConfigurationPlatforms) = preSolution
		Debug|Any CPU = Debug|Any CPU
		Release|Any CPU = Release|Any CPU
	EndGlobalSection
	GlobalSection(ProjectConfigurationPlatforms) = postSolution
		{83EAF01C-594D-4CA8-A7BB-1E4490157286}.Debug|Any CPU.ActiveCfg = Debug|Any CPU
		{83EAF01C-594D-4CA8-A7BB-1E4490157286}.Debug|Any CPU.Build.0 = Debug|Any CPU
		{83EAF01C-594D-4CA8-A7BB-1E4490157286}.Release|Any CPU.ActiveCfg = Release|Any CPU
		{83EAF01C-594D-4CA8-A7BB-1E4490157286}.Release|Any CPU.Build.0 = Release|Any CPU
	EndGlobalSection
	GlobalSection(SolutionProperties) = preSolution
		HideSolutionNode = FALSE
	EndGlobalSection
	GlobalSection(ExtensibilityGlobals) = postSolution
		SolutionGuid = {D79B99D8-F144-4357-899A-77009ED27230}
	EndGlobalSection
EndGlobal
