<?xml version="1.0" encoding="utf-8"?>
<Project ToolsVersion="4.0" xmlns="http://schemas.microsoft.com/developer/msbuild/2003">
  <ItemGroup>
    <ClCompile Include="Version.cxx" />
  </ItemGroup>
  <ItemGroup>
    <ClInclude Include="Version.hxx" />
    <ClInclude Include="auto_version.h" />
    <ClInclude Include="stringize.h" />
    <ClInclude Include="resource.h" />
  </ItemGroup>
</Project>