<?xml version="1.0" encoding="utf-8"?>
<Project ToolsVersion="4.0" xmlns="http://schemas.microsoft.com/developer/msbuild/2003">
  <ItemGroup>
    <ClCompile Include="SharedUtility.cpp" />
    <ClCompile Include="Utility\Utility.cpp" />
    <ClCompile Include="Utility\Hooking\HookFunction.cpp" />
    <ClCompile Include="Utility\Hooking\Hooking.cpp" />
    <ClCompile Include="Utility\Hooking\Hooking.Patterns.cpp" />
    <ClCompile Include="InstanceRegistry.cpp" />
  </ItemGroup>
  <ItemGroup>
    <ClInclude Include="SharedUtility.h" />
    <ClInclude Include="CriticalSection.h" />
    <ClInclude Include="Utility\Utility.h" />
    <ClInclude Include="Utility\RAGE\pgCollection.h" />
    <ClInclude Include="Utility\Hooking\HookFunction.h" />
    <ClInclude Include="Utility\Hooking\Hooking.FuncCalls.h" />
    <ClInclude Include="Utility\Hooking\Hooking.h" />
    <ClInclude Include="Utility\Hooking\Hooking.Invoke.h" />
    <ClInclude Include="Utility\Hooking\Hooking.Patterns.h" />
    <ClInclude Include="jitasm\jitasm.h" />
    <ClInclude Include="InstanceRegistry.h" />
    <ClInclude Include="fwRef.h" />
  </ItemGroup>
</Project>