<?xml version="1.0" encoding="utf-8"?>
<Project ToolsVersion="4.0" xmlns="http://schemas.microsoft.com/developer/msbuild/2003">
  <ItemGroup>
    <Filter Include="Networking">
      <UniqueIdentifier>{9528be49-7b41-4eb8-8177-8c04f56f2a6b}</UniqueIdentifier>
    </Filter>
    <Filter Include="Networking\Messages">
      <UniqueIdentifier>{a665cbea-7e53-40d3-a6d2-88af374d3412}</UniqueIdentifier>
    </Filter>
    <Filter Include="Math">
      <UniqueIdentifier>{f3bd1e3c-024c-43d5-8baa-037ace16a410}</UniqueIdentifier>
    </Filter>
  </ItemGroup>
  <ItemGroup>
    <ClCompile Include="Networking\Messages\ChatMessage.cxx">
      <Filter>Networking\Messages</Filter>
    </ClCompile>
    <ClCompile Include="Networking\Messages\OnFootSync.cxx">
      <Filter>Networking\Messages</Filter>
    </ClCompile>
    <ClCompile Include="Networking\Messages\PeerConnection.cxx">
      <Filter>Networking\Messages</Filter>
    </ClCompile>
    <ClCompile Include="Networking\Messages.cxx">
      <Filter>Networking</Filter>
    </ClCompile>
    <ClCompile Include="Networking\Networking.cxx">
      <Filter>Networking</Filter>
    </ClCompile>
    <ClCompile Include="Networking\SendableEventMessage.cxx">
      <Filter>Networking</Filter>
    </ClCompile>
    <ClCompile Include="Networking\Messages\PlayerMessages.cxx">
      <Filter>Networking\Messages</Filter>
    </ClCompile>
    <ClCompile Include="IdCounter.cxx">
      <Filter>Networking</Filter>
    </ClCompile>
    <ClCompile Include="Common.cxx">
      <Filter>Networking</Filter>
    </ClCompile>
    <ClCompile Include="Networking\Messages\EventDisconnect.cxx" />
    <ClCompile Include="Networking\Messages\EventConnect.cxx" />
    <ClCompile Include="Networking\Messages\GameSetup.cxx" />
    <ClCompile Include="Networking\Messages\WorldUpdate.cxx" />
    <ClCompile Include="NetPlayer.cxx" />
    <ClCompile Include="Networking\Link.cxx" />
  </ItemGroup>
  <ItemGroup>
    <ClInclude Include="Networking\Messages\ChatMessage.hxx">
      <Filter>Networking\Messages</Filter>
    </ClInclude>
    <ClInclude Include="Networking\Messages\OnFootSync.hxx">
      <Filter>Networking\Messages</Filter>
    </ClInclude>
    <ClInclude Include="Networking\Messages\PeerConnection.hxx">
      <Filter>Networking\Messages</Filter>
    </ClInclude>
    <ClInclude Include="Networking\Messages.hxx">
      <Filter>Networking</Filter>
    </ClInclude>
    <ClInclude Include="Networking\Networking.hxx">
      <Filter>Networking</Filter>
    </ClInclude>
    <ClInclude Include="Networking\SendableEventMessage.hxx">
      <Filter>Networking</Filter>
    </ClInclude>
    <ClInclude Include="Math\Vector3.hxx">
      <Filter>Math</Filter>
    </ClInclude>
    <ClInclude Include="Math\Math.hxx">
      <Filter>Math</Filter>
    </ClInclude>
    <ClInclude Include="Networking\Messages\PlayerMessages.hxx">
      <Filter>Networking\Messages</Filter>
    </ClInclude>
    <ClInclude Include="IdCounter.hxx">
      <Filter>Networking</Filter>
    </ClInclude>
    <ClInclude Include="Common.hxx">
      <Filter>Networking</Filter>
    </ClInclude>
    <ClInclude Include="Networking\Messages\EventConnect.hxx" />
    <ClInclude Include="Networking\Messages\EventDisconnect.hxx" />
    <ClInclude Include="Networking\Messages\WorldUpdate.hxx" />
    <ClInclude Include="Networking\Messages\GameSetup.hxx" />
    <ClInclude Include="Math\Vector2.hxx">
      <Filter>Math</Filter>
    </ClInclude>
    <ClInclude Include="NetPlayer.hxx" />
    <ClInclude Include="Networking\Link.hxx" />
  </ItemGroup>
</Project>